
Microsoft Visual Studio Solution File, Format Version 12.00
# Visual Studio 15
VisualStudioVersion = 15.0.26124.0
MinimumVisualStudioVersion = 15.0.26124.0
Project("{2150E333-8FDC-42A3-9474-1A3956D46DE8}") = "src", "src", "{346B1BFC-8E2C-448D-8889-771C8E0EB600}"
EndProject
Project("{FAE04EC0-301F-11D3-BF4B-00C04F79EFBC}") = "System.Security.Cryptography", "src\System.Security.Cryptography\System.Security.Cryptography.csproj", "{559562FB-6CB7-42FD-BDAF-47CE820A672D}"
EndProject
Project("{FAE04EC0-301F-11D3-BF4B-00C04F79EFBC}") = "servicecerts", "src\servicecerts\servicecerts.csproj", "{83464522-A0B5-455B-87E5-7A2E24F322F1}"
EndProject
Global
	GlobalSection(SolutionConfigurationPlatforms) = preSolution
		Debug|Any CPU = Debug|Any CPU
		Debug|x64 = Debug|x64
		Debug|x86 = Debug|x86
		Release|Any CPU = Release|Any CPU
		Release|x64 = Release|x64
		Release|x86 = Release|x86
	EndGlobalSection
	GlobalSection(SolutionProperties) = preSolution
		HideSolutionNode = FALSE
	EndGlobalSection
	GlobalSection(ProjectConfigurationPlatforms) = postSolution
		{559562FB-6CB7-42FD-BDAF-47CE820A672D}.Debug|Any CPU.ActiveCfg = Debug|Any CPU
		{559562FB-6CB7-42FD-BDAF-47CE820A672D}.Debug|Any CPU.Build.0 = Debug|Any CPU
		{559562FB-6CB7-42FD-BDAF-47CE820A672D}.Debug|x64.ActiveCfg = Debug|Any CPU
		{559562FB-6CB7-42FD-BDAF-47CE820A672D}.Debug|x64.Build.0 = Debug|Any CPU
		{559562FB-6CB7-42FD-BDAF-47CE820A672D}.Debug|x86.ActiveCfg = Debug|Any CPU
		{559562FB-6CB7-42FD-BDAF-47CE820A672D}.Debug|x86.Build.0 = Debug|Any CPU
		{559562FB-6CB7-42FD-BDAF-47CE820A672D}.Release|Any CPU.ActiveCfg = Release|Any CPU
		{559562FB-6CB7-42FD-BDAF-47CE820A672D}.Release|Any CPU.Build.0 = Release|Any CPU
		{559562FB-6CB7-42FD-BDAF-47CE820A672D}.Release|x64.ActiveCfg = Release|Any CPU
		{559562FB-6CB7-42FD-BDAF-47CE820A672D}.Release|x64.Build.0 = Release|Any CPU
		{559562FB-6CB7-42FD-BDAF-47CE820A672D}.Release|x86.ActiveCfg = Release|Any CPU
		{559562FB-6CB7-42FD-BDAF-47CE820A672D}.Release|x86.Build.0 = Release|Any CPU
		{83464522-A0B5-455B-87E5-7A2E24F322F1}.Debug|Any CPU.ActiveCfg = Debug|Any CPU
		{83464522-A0B5-455B-87E5-7A2E24F322F1}.Debug|Any CPU.Build.0 = Debug|Any CPU
		{83464522-A0B5-455B-87E5-7A2E24F322F1}.Debug|x64.ActiveCfg = Debug|Any CPU
		{83464522-A0B5-455B-87E5-7A2E24F322F1}.Debug|x64.Build.0 = Debug|Any CPU
		{83464522-A0B5-455B-87E5-7A2E24F322F1}.Debug|x86.ActiveCfg = Debug|Any CPU
		{83464522-A0B5-455B-87E5-7A2E24F322F1}.Debug|x86.Build.0 = Debug|Any CPU
		{83464522-A0B5-455B-87E5-7A2E24F322F1}.Release|Any CPU.ActiveCfg = Release|Any CPU
		{83464522-A0B5-455B-87E5-7A2E24F322F1}.Release|Any CPU.Build.0 = Release|Any CPU
		{83464522-A0B5-455B-87E5-7A2E24F322F1}.Release|x64.ActiveCfg = Release|Any CPU
		{83464522-A0B5-455B-87E5-7A2E24F322F1}.Release|x64.Build.0 = Release|Any CPU
		{83464522-A0B5-455B-87E5-7A2E24F322F1}.Release|x86.ActiveCfg = Release|Any CPU
		{83464522-A0B5-455B-87E5-7A2E24F322F1}.Release|x86.Build.0 = Release|Any CPU
	EndGlobalSection
	GlobalSection(NestedProjects) = preSolution
		{559562FB-6CB7-42FD-BDAF-47CE820A672D} = {346B1BFC-8E2C-448D-8889-771C8E0EB600}
		{83464522-A0B5-455B-87E5-7A2E24F322F1} = {346B1BFC-8E2C-448D-8889-771C8E0EB600}
	EndGlobalSection
EndGlobal
